// !$*UTF8*$!
{
	archiveVersion = 1;
	classes = {
	};
	objectVersion = 46;
	objects = {

/* Begin PBXBuildFile section */
		E50A65CC144320240027AB37 /* UIKit.framework in Frameworks */ = {isa = PBXBuildFile; fileRef = E50A65CB144320240027AB37 /* UIKit.framework */; };
		E50A65CE144320240027AB37 /* Foundation.framework in Frameworks */ = {isa = PBXBuildFile; fileRef = E50A65CD144320240027AB37 /* Foundation.framework */; };
		E50A65D0144320240027AB37 /* CoreGraphics.framework in Frameworks */ = {isa = PBXBuildFile; fileRef = E50A65CF144320240027AB37 /* CoreGraphics.framework */; };
		E50A65D6144320240027AB37 /* InfoPlist.strings in Resources */ = {isa = PBXBuildFile; fileRef = E50A65D4144320240027AB37 /* InfoPlist.strings */; };
		E50A65D8144320240027AB37 /* main.m in Sources */ = {isa = PBXBuildFile; fileRef = E50A65D7144320240027AB37 /* main.m */; };
		E50A65DC144320240027AB37 /* AppDelegate.m in Sources */ = {isa = PBXBuildFile; fileRef = E50A65DB144320240027AB37 /* AppDelegate.m */; };
		E50A65E2144320240027AB37 /* ViewController.m in Sources */ = {isa = PBXBuildFile; fileRef = E50A65E1144320240027AB37 /* ViewController.m */; };
		E50A65E91443203B0027AB37 /* StoreKit.framework in Frameworks */ = {isa = PBXBuildFile; fileRef = E50A65E81443203B0027AB37 /* StoreKit.framework */; };
		E50A65EB144324F40027AB37 /* icon.png in Resources */ = {isa = PBXBuildFile; fileRef = E50A65EA144324F40027AB37 /* icon.png */; };
		E50A65ED144324F90027AB37 /* icon@2x.png in Resources */ = {isa = PBXBuildFile; fileRef = E50A65EC144324F90027AB37 /* icon@2x.png */; };
/* End PBXBuildFile section */

/* Begin PBXFileReference section */
		E50A65C7144320240027AB37 /* inapp2.app */ = {isa = PBXFileReference; explicitFileType = wrapper.application; includeInIndex = 0; path = inapp2.app; sourceTree = BUILT_PRODUCTS_DIR; };
		E50A65CB144320240027AB37 /* UIKit.framework */ = {isa = PBXFileReference; lastKnownFileType = wrapper.framework; name = UIKit.framework; path = System/Library/Frameworks/UIKit.framework; sourceTree = SDKROOT; };
		E50A65CD144320240027AB37 /* Foundation.framework */ = {isa = PBXFileReference; lastKnownFileType = wrapper.framework; name = Foundation.framework; path = System/Library/Frameworks/Foundation.framework; sourceTree = SDKROOT; };
		E50A65CF144320240027AB37 /* CoreGraphics.framework */ = {isa = PBXFileReference; lastKnownFileType = wrapper.framework; name = CoreGraphics.framework; path = System/Library/Frameworks/CoreGraphics.framework; sourceTree = SDKROOT; };
		E50A65D3144320240027AB37 /* inapp2-Info.plist */ = {isa = PBXFileReference; lastKnownFileType = text.plist.xml; path = "inapp2-Info.plist"; sourceTree = "<group>"; };
		E50A65D5144320240027AB37 /* en */ = {isa = PBXFileReference; lastKnownFileType = text.plist.strings; name = en; path = en.lproj/InfoPlist.strings; sourceTree = "<group>"; };
		E50A65D7144320240027AB37 /* main.m */ = {isa = PBXFileReference; lastKnownFileType = sourcecode.c.objc; path = main.m; sourceTree = "<group>"; };
		E50A65D9144320240027AB37 /* inapp2-Prefix.pch */ = {isa = PBXFileReference; lastKnownFileType = sourcecode.c.h; path = "inapp2-Prefix.pch"; sourceTree = "<group>"; };
		E50A65DA144320240027AB37 /* AppDelegate.h */ = {isa = PBXFileReference; lastKnownFileType = sourcecode.c.h; path = AppDelegate.h; sourceTree = "<group>"; };
		E50A65DB144320240027AB37 /* AppDelegate.m */ = {isa = PBXFileReference; lastKnownFileType = sourcecode.c.objc; path = AppDelegate.m; sourceTree = "<group>"; };
		E50A65E0144320240027AB37 /* ViewController.h */ = {isa = PBXFileReference; lastKnownFileType = sourcecode.c.h; path = ViewController.h; sourceTree = "<group>"; };
		E50A65E1144320240027AB37 /* ViewController.m */ = {isa = PBXFileReference; lastKnownFileType = sourcecode.c.objc; path = ViewController.m; sourceTree = "<group>"; };
		E50A65E81443203B0027AB37 /* StoreKit.framework */ = {isa = PBXFileReference; lastKnownFileType = wrapper.framework; name = StoreKit.framework; path = System/Library/Frameworks/StoreKit.framework; sourceTree = SDKROOT; };
		E50A65EA144324F40027AB37 /* icon.png */ = {isa = PBXFileReference; lastKnownFileType = image.png; path = icon.png; sourceTree = "<group>"; };
		E50A65EC144324F90027AB37 /* icon@2x.png */ = {isa = PBXFileReference; lastKnownFileType = image.png; path = "icon@2x.png"; sourceTree = "<group>"; };
/* End PBXFileReference section */

/* Begin PBXFrameworksBuildPhase section */
		E50A65C4144320240027AB37 /* Frameworks */ = {
			isa = PBXFrameworksBuildPhase;
			buildActionMask = 2147483647;
			files = (
				E50A65E91443203B0027AB37 /* StoreKit.framework in Frameworks */,
				E50A65CC144320240027AB37 /* UIKit.framework in Frameworks */,
				E50A65CE144320240027AB37 /* Foundation.framework in Frameworks */,
				E50A65D0144320240027AB37 /* CoreGraphics.framework in Frameworks */,
			);
			runOnlyForDeploymentPostprocessing = 0;
		};
/* End PBXFrameworksBuildPhase section */

/* Begin PBXGroup section */
		E50A65BC144320240027AB37 = {
			isa = PBXGroup;
			children = (
				E50A65EC144324F90027AB37 /* icon@2x.png */,
				E50A65EA144324F40027AB37 /* icon.png */,
				E50A65E81443203B0027AB37 /* StoreKit.framework */,
				E50A65D1144320240027AB37 /* inapp2 */,
				E50A65CA144320240027AB37 /* Frameworks */,
				E50A65C8144320240027AB37 /* Products */,
			);
			sourceTree = "<group>";
		};
		E50A65C8144320240027AB37 /* Products */ = {
			isa = PBXGroup;
			children = (
				E50A65C7144320240027AB37 /* inapp2.app */,
			);
			name = Products;
			sourceTree = "<group>";
		};
		E50A65CA144320240027AB37 /* Frameworks */ = {
			isa = PBXGroup;
			children = (
				E50A65CB144320240027AB37 /* UIKit.framework */,
				E50A65CD144320240027AB37 /* Foundation.framework */,
				E50A65CF144320240027AB37 /* CoreGraphics.framework */,
			);
			name = Frameworks;
			sourceTree = "<group>";
		};
		E50A65D1144320240027AB37 /* inapp2 */ = {
			isa = PBXGroup;
			children = (
				E50A65DA144320240027AB37 /* AppDelegate.h */,
				E50A65DB144320240027AB37 /* AppDelegate.m */,
				E50A65E0144320240027AB37 /* ViewController.h */,
				E50A65E1144320240027AB37 /* ViewController.m */,
				E50A65D2144320240027AB37 /* Supporting Files */,
			);
			path = inapp2;
			sourceTree = "<group>";
		};
		E50A65D2144320240027AB37 /* Supporting Files */ = {
			isa = PBXGroup;
			children = (
				E50A65D3144320240027AB37 /* inapp2-Info.plist */,
				E50A65D4144320240027AB37 /* InfoPlist.strings */,
				E50A65D7144320240027AB37 /* main.m */,
				E50A65D9144320240027AB37 /* inapp2-Prefix.pch */,
			);
			name = "Supporting Files";
			sourceTree = "<group>";
		};
/* End PBXGroup section */

/* Begin PBXNativeTarget section */
		E50A65C6144320240027AB37 /* inapp2 */ = {
			isa = PBXNativeTarget;
			buildConfigurationList = E50A65E5144320240027AB37 /* Build configuration list for PBXNativeTarget "inapp2" */;
			buildPhases = (
				E50A65C3144320240027AB37 /* Sources */,
				E50A65C4144320240027AB37 /* Frameworks */,
				E50A65C5144320240027AB37 /* Resources */,
			);
			buildRules = (
			);
			dependencies = (
			);
			name = inapp2;
			productName = inapp2;
			productReference = E50A65C7144320240027AB37 /* inapp2.app */;
			productType = "com.apple.product-type.application";
		};
/* End PBXNativeTarget section */

/* Begin PBXProject section */
		E50A65BE144320240027AB37 /* Project object */ = {
			isa = PBXProject;
			attributes = {
				LastUpgradeCheck = 0420;
				ORGANIZATIONNAME = N/A;
			};
			buildConfigurationList = E50A65C1144320240027AB37 /* Build configuration list for PBXProject "inapp2" */;
			compatibilityVersion = "Xcode 3.2";
			developmentRegion = English;
			hasScannedForEncodings = 0;
			knownRegions = (
				en,
			);
			mainGroup = E50A65BC144320240027AB37;
			productRefGroup = E50A65C8144320240027AB37 /* Products */;
			projectDirPath = "";
			projectRoot = "";
			targets = (
				E50A65C6144320240027AB37 /* inapp2 */,
			);
		};
/* End PBXProject section */

/* Begin PBXResourcesBuildPhase section */
		E50A65C5144320240027AB37 /* Resources */ = {
			isa = PBXResourcesBuildPhase;
			buildActionMask = 2147483647;
			files = (
				E50A65D6144320240027AB37 /* InfoPlist.strings in Resources */,
				E50A65EB144324F40027AB37 /* icon.png in Resources */,
				E50A65ED144324F90027AB37 /* icon@2x.png in Resources */,
			);
			runOnlyForDeploymentPostprocessing = 0;
		};
/* End PBXResourcesBuildPhase section */

/* Begin PBXSourcesBuildPhase section */
		E50A65C3144320240027AB37 /* Sources */ = {
			isa = PBXSourcesBuildPhase;
			buildActionMask = 2147483647;
			files = (
				E50A65D8144320240027AB37 /* main.m in Sources */,
				E50A65DC144320240027AB37 /* AppDelegate.m in Sources */,
				E50A65E2144320240027AB37 /* ViewController.m in Sources */,
			);
			runOnlyForDeploymentPostprocessing = 0;
		};
/* End PBXSourcesBuildPhase section */

/* Begin PBXVariantGroup section */
		E50A65D4144320240027AB37 /* InfoPlist.strings */ = {
			isa = PBXVariantGroup;
			children = (
				E50A65D5144320240027AB37 /* en */,
			);
			name = InfoPlist.strings;
			sourceTree = "<group>";
		};
/* End PBXVariantGroup section */

/* Begin XCBuildConfiguration section */
		E50A65E3144320240027AB37 /* Debug */ = {
			isa = XCBuildConfiguration;
			buildSettings = {
				ALWAYS_SEARCH_USER_PATHS = NO;
				ARCHS = "$(ARCHS_STANDARD_32_BIT)";
				CODE_SIGN_IDENTITY = "iPhone Distribution";
				"CODE_SIGN_IDENTITY[sdk=iphoneos*]" = "iPhone Developer";
				COPY_PHASE_STRIP = NO;
				GCC_C_LANGUAGE_STANDARD = gnu99;
				GCC_DYNAMIC_NO_PIC = NO;
				GCC_OPTIMIZATION_LEVEL = 0;
				GCC_PREPROCESSOR_DEFINITIONS = (
					"DEBUG=1",
					"$(inherited)",
				);
				GCC_SYMBOLS_PRIVATE_EXTERN = NO;
				GCC_VERSION = com.apple.compilers.llvm.clang.1_0;
				GCC_WARN_ABOUT_MISSING_PROTOTYPES = YES;
				GCC_WARN_ABOUT_RETURN_TYPE = YES;
				GCC_WARN_UNUSED_VARIABLE = YES;
				IPHONEOS_DEPLOYMENT_TARGET = 4.3;
				PROVISIONING_PROFILE = "";
				SDKROOT = iphoneos;
			};
			name = Debug;
		};
		E50A65E4144320240027AB37 /* Release */ = {
			isa = XCBuildConfiguration;
			buildSettings = {
				ALWAYS_SEARCH_USER_PATHS = NO;
				ARCHS = "$(ARCHS_STANDARD_32_BIT)";
				CODE_SIGN_IDENTITY = "iPhone Distribution";
				"CODE_SIGN_IDENTITY[sdk=iphoneos*]" = "iPhone Distribution: Apps GmbH";
				COPY_PHASE_STRIP = YES;
				GCC_C_LANGUAGE_STANDARD = gnu99;
				GCC_VERSION = com.apple.compilers.llvm.clang.1_0;
				GCC_WARN_ABOUT_MISSING_PROTOTYPES = YES;
				GCC_WARN_ABOUT_RETURN_TYPE = YES;
				GCC_WARN_UNUSED_VARIABLE = YES;
				IPHONEOS_DEPLOYMENT_TARGET = 4.3;
				OTHER_CFLAGS = "-DNS_BLOCK_ASSERTIONS=1";
				PROVISIONING_PROFILE = "";
				"PROVISIONING_PROFILE[sdk=iphoneos*]" = "ED074896-0758-4F5E-840E-183CDCCD5E81";
				SDKROOT = iphoneos;
				VALIDATE_PRODUCT = YES;
			};
			name = Release;
		};
		E50A65E6144320240027AB37 /* Debug */ = {
			isa = XCBuildConfiguration;
			buildSettings = {
				GCC_PRECOMPILE_PREFIX_HEADER = YES;
				GCC_PREFIX_HEADER = "inapp2/inapp2-Prefix.pch";
				INFOPLIST_FILE = "inapp2/inapp2-Info.plist";
				IPHONEOS_DEPLOYMENT_TARGET = 4.3;
				PRODUCT_NAME = "$(TARGET_NAME)";
				WRAPPER_EXTENSION = app;
			};
			name = Debug;
		};
		E50A65E7144320240027AB37 /* Release */ = {
			isa = XCBuildConfiguration;
			buildSettings = {
				GCC_PRECOMPILE_PREFIX_HEADER = YES;
				GCC_PREFIX_HEADER = "inapp2/inapp2-Prefix.pch";
				INFOPLIST_FILE = "inapp2/inapp2-Info.plist";
				IPHONEOS_DEPLOYMENT_TARGET = 4.3;
				PRODUCT_NAME = "$(TARGET_NAME)";
				WRAPPER_EXTENSION = app;
			};
			name = Release;
		};
/* End XCBuildConfiguration section */

/* Begin XCConfigurationList section */
		E50A65C1144320240027AB37 /* Build configuration list for PBXProject "inapp2" */ = {
			isa = XCConfigurationList;
			buildConfigurations = (
				E50A65E3144320240027AB37 /* Debug */,
				E50A65E4144320240027AB37 /* Release */,
			);
			defaultConfigurationIsVisible = 0;
			defaultConfigurationName = Release;
		};
		E50A65E5144320240027AB37 /* Build configuration list for PBXNativeTarget "inapp2" */ = {
			isa = XCConfigurationList;
			buildConfigurations = (
				E50A65E6144320240027AB37 /* Debug */,
				E50A65E7144320240027AB37 /* Release */,
			);
			defaultConfigurationIsVisible = 0;
		};
/* End XCConfigurationList section */
	};
	rootObject = E50A65BE144320240027AB37 /* Project object */;
}
