// !$*UTF8*$!
{
	archiveVersion = 1;
	classes = {
	};
	objectVersion = 46;
	objects = {

/* Begin PBXBuildFile section */
		E56752DA143F97CD00106C6C /* UIKit.framework in Frameworks */ = {isa = PBXBuildFile; fileRef = E56752D9143F97CD00106C6C /* UIKit.framework */; };
		E56752DC143F97CD00106C6C /* Foundation.framework in Frameworks */ = {isa = PBXBuildFile; fileRef = E56752DB143F97CD00106C6C /* Foundation.framework */; };
		E56752DE143F97CD00106C6C /* CoreGraphics.framework in Frameworks */ = {isa = PBXBuildFile; fileRef = E56752DD143F97CD00106C6C /* CoreGraphics.framework */; };
		E56752E4143F97CD00106C6C /* InfoPlist.strings in Resources */ = {isa = PBXBuildFile; fileRef = E56752E2143F97CD00106C6C /* InfoPlist.strings */; };
		E56752E6143F97CD00106C6C /* main.m in Sources */ = {isa = PBXBuildFile; fileRef = E56752E5143F97CD00106C6C /* main.m */; };
		E56752EA143F97CD00106C6C /* AppDelegate.m in Sources */ = {isa = PBXBuildFile; fileRef = E56752E9143F97CD00106C6C /* AppDelegate.m */; };
		E56752ED143F97CD00106C6C /* RootViewController.m in Sources */ = {isa = PBXBuildFile; fileRef = E56752EC143F97CD00106C6C /* RootViewController.m */; };
		E56752F0143F97CD00106C6C /* DataViewController.m in Sources */ = {isa = PBXBuildFile; fileRef = E56752EF143F97CD00106C6C /* DataViewController.m */; };
		E56752F3143F97CD00106C6C /* ModelController.m in Sources */ = {isa = PBXBuildFile; fileRef = E56752F2143F97CD00106C6C /* ModelController.m */; };
		E56752F6143F97CD00106C6C /* MainStoryboard_iPhone.storyboard in Resources */ = {isa = PBXBuildFile; fileRef = E56752F4143F97CD00106C6C /* MainStoryboard_iPhone.storyboard */; };
		E56752F9143F97CD00106C6C /* MainStoryboard_iPad.storyboard in Resources */ = {isa = PBXBuildFile; fileRef = E56752F7143F97CD00106C6C /* MainStoryboard_iPad.storyboard */; };
		E5675301143F97CD00106C6C /* SenTestingKit.framework in Frameworks */ = {isa = PBXBuildFile; fileRef = E5675300143F97CD00106C6C /* SenTestingKit.framework */; };
		E5675302143F97CD00106C6C /* UIKit.framework in Frameworks */ = {isa = PBXBuildFile; fileRef = E56752D9143F97CD00106C6C /* UIKit.framework */; };
		E5675303143F97CD00106C6C /* Foundation.framework in Frameworks */ = {isa = PBXBuildFile; fileRef = E56752DB143F97CD00106C6C /* Foundation.framework */; };
		E567530B143F97CE00106C6C /* InfoPlist.strings in Resources */ = {isa = PBXBuildFile; fileRef = E5675309143F97CE00106C6C /* InfoPlist.strings */; };
		E567530E143F97CE00106C6C /* TabSplitTests.m in Sources */ = {isa = PBXBuildFile; fileRef = E567530D143F97CE00106C6C /* TabSplitTests.m */; };
/* End PBXBuildFile section */

/* Begin PBXContainerItemProxy section */
		E5675304143F97CE00106C6C /* PBXContainerItemProxy */ = {
			isa = PBXContainerItemProxy;
			containerPortal = E56752CC143F97CC00106C6C /* Project object */;
			proxyType = 1;
			remoteGlobalIDString = E56752D4143F97CD00106C6C;
			remoteInfo = TabSplit;
		};
/* End PBXContainerItemProxy section */

/* Begin PBXFileReference section */
		E56752D5143F97CD00106C6C /* TabSplit.app */ = {isa = PBXFileReference; explicitFileType = wrapper.application; includeInIndex = 0; path = TabSplit.app; sourceTree = BUILT_PRODUCTS_DIR; };
		E56752D9143F97CD00106C6C /* UIKit.framework */ = {isa = PBXFileReference; lastKnownFileType = wrapper.framework; name = UIKit.framework; path = System/Library/Frameworks/UIKit.framework; sourceTree = SDKROOT; };
		E56752DB143F97CD00106C6C /* Foundation.framework */ = {isa = PBXFileReference; lastKnownFileType = wrapper.framework; name = Foundation.framework; path = System/Library/Frameworks/Foundation.framework; sourceTree = SDKROOT; };
		E56752DD143F97CD00106C6C /* CoreGraphics.framework */ = {isa = PBXFileReference; lastKnownFileType = wrapper.framework; name = CoreGraphics.framework; path = System/Library/Frameworks/CoreGraphics.framework; sourceTree = SDKROOT; };
		E56752E1143F97CD00106C6C /* TabSplit-Info.plist */ = {isa = PBXFileReference; lastKnownFileType = text.plist.xml; path = "TabSplit-Info.plist"; sourceTree = "<group>"; };
		E56752E3143F97CD00106C6C /* en */ = {isa = PBXFileReference; lastKnownFileType = text.plist.strings; name = en; path = en.lproj/InfoPlist.strings; sourceTree = "<group>"; };
		E56752E5143F97CD00106C6C /* main.m */ = {isa = PBXFileReference; lastKnownFileType = sourcecode.c.objc; path = main.m; sourceTree = "<group>"; };
		E56752E7143F97CD00106C6C /* TabSplit-Prefix.pch */ = {isa = PBXFileReference; lastKnownFileType = sourcecode.c.h; path = "TabSplit-Prefix.pch"; sourceTree = "<group>"; };
		E56752E8143F97CD00106C6C /* AppDelegate.h */ = {isa = PBXFileReference; lastKnownFileType = sourcecode.c.h; path = AppDelegate.h; sourceTree = "<group>"; };
		E56752E9143F97CD00106C6C /* AppDelegate.m */ = {isa = PBXFileReference; lastKnownFileType = sourcecode.c.objc; path = AppDelegate.m; sourceTree = "<group>"; };
		E56752EB143F97CD00106C6C /* RootViewController.h */ = {isa = PBXFileReference; lastKnownFileType = sourcecode.c.h; path = RootViewController.h; sourceTree = "<group>"; };
		E56752EC143F97CD00106C6C /* RootViewController.m */ = {isa = PBXFileReference; lastKnownFileType = sourcecode.c.objc; path = RootViewController.m; sourceTree = "<group>"; };
		E56752EE143F97CD00106C6C /* DataViewController.h */ = {isa = PBXFileReference; lastKnownFileType = sourcecode.c.h; path = DataViewController.h; sourceTree = "<group>"; };
		E56752EF143F97CD00106C6C /* DataViewController.m */ = {isa = PBXFileReference; lastKnownFileType = sourcecode.c.objc; path = DataViewController.m; sourceTree = "<group>"; };
		E56752F1143F97CD00106C6C /* ModelController.h */ = {isa = PBXFileReference; lastKnownFileType = sourcecode.c.h; path = ModelController.h; sourceTree = "<group>"; };
		E56752F2143F97CD00106C6C /* ModelController.m */ = {isa = PBXFileReference; lastKnownFileType = sourcecode.c.objc; path = ModelController.m; sourceTree = "<group>"; };
		E56752F5143F97CD00106C6C /* en */ = {isa = PBXFileReference; lastKnownFileType = file.storyboard; name = en; path = en.lproj/MainStoryboard_iPhone.storyboard; sourceTree = "<group>"; };
		E56752F8143F97CD00106C6C /* en */ = {isa = PBXFileReference; lastKnownFileType = file.storyboard; name = en; path = en.lproj/MainStoryboard_iPad.storyboard; sourceTree = "<group>"; };
		E56752FF143F97CD00106C6C /* TabSplitTests.octest */ = {isa = PBXFileReference; explicitFileType = wrapper.cfbundle; includeInIndex = 0; path = TabSplitTests.octest; sourceTree = BUILT_PRODUCTS_DIR; };
		E5675300143F97CD00106C6C /* SenTestingKit.framework */ = {isa = PBXFileReference; lastKnownFileType = wrapper.framework; name = SenTestingKit.framework; path = Library/Frameworks/SenTestingKit.framework; sourceTree = DEVELOPER_DIR; };
		E5675308143F97CE00106C6C /* TabSplitTests-Info.plist */ = {isa = PBXFileReference; lastKnownFileType = text.plist.xml; path = "TabSplitTests-Info.plist"; sourceTree = "<group>"; };
		E567530A143F97CE00106C6C /* en */ = {isa = PBXFileReference; lastKnownFileType = text.plist.strings; name = en; path = en.lproj/InfoPlist.strings; sourceTree = "<group>"; };
		E567530C143F97CE00106C6C /* TabSplitTests.h */ = {isa = PBXFileReference; lastKnownFileType = sourcecode.c.h; path = TabSplitTests.h; sourceTree = "<group>"; };
		E567530D143F97CE00106C6C /* TabSplitTests.m */ = {isa = PBXFileReference; lastKnownFileType = sourcecode.c.objc; path = TabSplitTests.m; sourceTree = "<group>"; };
/* End PBXFileReference section */

/* Begin PBXFrameworksBuildPhase section */
		E56752D2143F97CD00106C6C /* Frameworks */ = {
			isa = PBXFrameworksBuildPhase;
			buildActionMask = 2147483647;
			files = (
				E56752DA143F97CD00106C6C /* UIKit.framework in Frameworks */,
				E56752DC143F97CD00106C6C /* Foundation.framework in Frameworks */,
				E56752DE143F97CD00106C6C /* CoreGraphics.framework in Frameworks */,
			);
			runOnlyForDeploymentPostprocessing = 0;
		};
		E56752FB143F97CD00106C6C /* Frameworks */ = {
			isa = PBXFrameworksBuildPhase;
			buildActionMask = 2147483647;
			files = (
				E5675301143F97CD00106C6C /* SenTestingKit.framework in Frameworks */,
				E5675302143F97CD00106C6C /* UIKit.framework in Frameworks */,
				E5675303143F97CD00106C6C /* Foundation.framework in Frameworks */,
			);
			runOnlyForDeploymentPostprocessing = 0;
		};
/* End PBXFrameworksBuildPhase section */

/* Begin PBXGroup section */
		E56752CA143F97CC00106C6C = {
			isa = PBXGroup;
			children = (
				E56752DF143F97CD00106C6C /* TabSplit */,
				E5675306143F97CE00106C6C /* TabSplitTests */,
				E56752D8143F97CD00106C6C /* Frameworks */,
				E56752D6143F97CD00106C6C /* Products */,
			);
			sourceTree = "<group>";
		};
		E56752D6143F97CD00106C6C /* Products */ = {
			isa = PBXGroup;
			children = (
				E56752D5143F97CD00106C6C /* TabSplit.app */,
				E56752FF143F97CD00106C6C /* TabSplitTests.octest */,
			);
			name = Products;
			sourceTree = "<group>";
		};
		E56752D8143F97CD00106C6C /* Frameworks */ = {
			isa = PBXGroup;
			children = (
				E56752D9143F97CD00106C6C /* UIKit.framework */,
				E56752DB143F97CD00106C6C /* Foundation.framework */,
				E56752DD143F97CD00106C6C /* CoreGraphics.framework */,
				E5675300143F97CD00106C6C /* SenTestingKit.framework */,
			);
			name = Frameworks;
			sourceTree = "<group>";
		};
		E56752DF143F97CD00106C6C /* TabSplit */ = {
			isa = PBXGroup;
			children = (
				E56752E8143F97CD00106C6C /* AppDelegate.h */,
				E56752E9143F97CD00106C6C /* AppDelegate.m */,
				E56752EB143F97CD00106C6C /* RootViewController.h */,
				E56752EC143F97CD00106C6C /* RootViewController.m */,
				E56752EE143F97CD00106C6C /* DataViewController.h */,
				E56752EF143F97CD00106C6C /* DataViewController.m */,
				E56752F1143F97CD00106C6C /* ModelController.h */,
				E56752F2143F97CD00106C6C /* ModelController.m */,
				E56752F4143F97CD00106C6C /* MainStoryboard_iPhone.storyboard */,
				E56752F7143F97CD00106C6C /* MainStoryboard_iPad.storyboard */,
				E56752E0143F97CD00106C6C /* Supporting Files */,
			);
			path = TabSplit;
			sourceTree = "<group>";
		};
		E56752E0143F97CD00106C6C /* Supporting Files */ = {
			isa = PBXGroup;
			children = (
				E56752E1143F97CD00106C6C /* TabSplit-Info.plist */,
				E56752E2143F97CD00106C6C /* InfoPlist.strings */,
				E56752E5143F97CD00106C6C /* main.m */,
				E56752E7143F97CD00106C6C /* TabSplit-Prefix.pch */,
			);
			name = "Supporting Files";
			sourceTree = "<group>";
		};
		E5675306143F97CE00106C6C /* TabSplitTests */ = {
			isa = PBXGroup;
			children = (
				E567530C143F97CE00106C6C /* TabSplitTests.h */,
				E567530D143F97CE00106C6C /* TabSplitTests.m */,
				E5675307143F97CE00106C6C /* Supporting Files */,
			);
			path = TabSplitTests;
			sourceTree = "<group>";
		};
		E5675307143F97CE00106C6C /* Supporting Files */ = {
			isa = PBXGroup;
			children = (
				E5675308143F97CE00106C6C /* TabSplitTests-Info.plist */,
				E5675309143F97CE00106C6C /* InfoPlist.strings */,
			);
			name = "Supporting Files";
			sourceTree = "<group>";
		};
/* End PBXGroup section */

/* Begin PBXNativeTarget section */
		E56752D4143F97CD00106C6C /* TabSplit */ = {
			isa = PBXNativeTarget;
			buildConfigurationList = E5675311143F97CE00106C6C /* Build configuration list for PBXNativeTarget "TabSplit" */;
			buildPhases = (
				E56752D1143F97CD00106C6C /* Sources */,
				E56752D2143F97CD00106C6C /* Frameworks */,
				E56752D3143F97CD00106C6C /* Resources */,
			);
			buildRules = (
			);
			dependencies = (
			);
			name = TabSplit;
			productName = TabSplit;
			productReference = E56752D5143F97CD00106C6C /* TabSplit.app */;
			productType = "com.apple.product-type.application";
		};
		E56752FE143F97CD00106C6C /* TabSplitTests */ = {
			isa = PBXNativeTarget;
			buildConfigurationList = E5675314143F97CE00106C6C /* Build configuration list for PBXNativeTarget "TabSplitTests" */;
			buildPhases = (
				E56752FA143F97CD00106C6C /* Sources */,
				E56752FB143F97CD00106C6C /* Frameworks */,
				E56752FC143F97CD00106C6C /* Resources */,
				E56752FD143F97CD00106C6C /* ShellScript */,
			);
			buildRules = (
			);
			dependencies = (
				E5675305143F97CE00106C6C /* PBXTargetDependency */,
			);
			name = TabSplitTests;
			productName = TabSplitTests;
			productReference = E56752FF143F97CD00106C6C /* TabSplitTests.octest */;
			productType = "com.apple.product-type.bundle";
		};
/* End PBXNativeTarget section */

/* Begin PBXProject section */
		E56752CC143F97CC00106C6C /* Project object */ = {
			isa = PBXProject;
			attributes = {
				LastUpgradeCheck = 0420;
				ORGANIZATIONNAME = N/A;
			};
			buildConfigurationList = E56752CF143F97CC00106C6C /* Build configuration list for PBXProject "TabSplit" */;
			compatibilityVersion = "Xcode 3.2";
			developmentRegion = English;
			hasScannedForEncodings = 0;
			knownRegions = (
				en,
			);
			mainGroup = E56752CA143F97CC00106C6C;
			productRefGroup = E56752D6143F97CD00106C6C /* Products */;
			projectDirPath = "";
			projectRoot = "";
			targets = (
				E56752D4143F97CD00106C6C /* TabSplit */,
				E56752FE143F97CD00106C6C /* TabSplitTests */,
			);
		};
/* End PBXProject section */

/* Begin PBXResourcesBuildPhase section */
		E56752D3143F97CD00106C6C /* Resources */ = {
			isa = PBXResourcesBuildPhase;
			buildActionMask = 2147483647;
			files = (
				E56752E4143F97CD00106C6C /* InfoPlist.strings in Resources */,
				E56752F6143F97CD00106C6C /* MainStoryboard_iPhone.storyboard in Resources */,
				E56752F9143F97CD00106C6C /* MainStoryboard_iPad.storyboard in Resources */,
			);
			runOnlyForDeploymentPostprocessing = 0;
		};
		E56752FC143F97CD00106C6C /* Resources */ = {
			isa = PBXResourcesBuildPhase;
			buildActionMask = 2147483647;
			files = (
				E567530B143F97CE00106C6C /* InfoPlist.strings in Resources */,
			);
			runOnlyForDeploymentPostprocessing = 0;
		};
/* End PBXResourcesBuildPhase section */

/* Begin PBXShellScriptBuildPhase section */
		E56752FD143F97CD00106C6C /* ShellScript */ = {
			isa = PBXShellScriptBuildPhase;
			buildActionMask = 2147483647;
			files = (
			);
			inputPaths = (
			);
			outputPaths = (
			);
			runOnlyForDeploymentPostprocessing = 0;
			shellPath = /bin/sh;
			shellScript = "# Run the unit tests in this test bundle.\n\"${SYSTEM_DEVELOPER_DIR}/Tools/RunUnitTests\"\n";
		};
/* End PBXShellScriptBuildPhase section */

/* Begin PBXSourcesBuildPhase section */
		E56752D1143F97CD00106C6C /* Sources */ = {
			isa = PBXSourcesBuildPhase;
			buildActionMask = 2147483647;
			files = (
				E56752E6143F97CD00106C6C /* main.m in Sources */,
				E56752EA143F97CD00106C6C /* AppDelegate.m in Sources */,
				E56752ED143F97CD00106C6C /* RootViewController.m in Sources */,
				E56752F0143F97CD00106C6C /* DataViewController.m in Sources */,
				E56752F3143F97CD00106C6C /* ModelController.m in Sources */,
			);
			runOnlyForDeploymentPostprocessing = 0;
		};
		E56752FA143F97CD00106C6C /* Sources */ = {
			isa = PBXSourcesBuildPhase;
			buildActionMask = 2147483647;
			files = (
				E567530E143F97CE00106C6C /* TabSplitTests.m in Sources */,
			);
			runOnlyForDeploymentPostprocessing = 0;
		};
/* End PBXSourcesBuildPhase section */

/* Begin PBXTargetDependency section */
		E5675305143F97CE00106C6C /* PBXTargetDependency */ = {
			isa = PBXTargetDependency;
			target = E56752D4143F97CD00106C6C /* TabSplit */;
			targetProxy = E5675304143F97CE00106C6C /* PBXContainerItemProxy */;
		};
/* End PBXTargetDependency section */

/* Begin PBXVariantGroup section */
		E56752E2143F97CD00106C6C /* InfoPlist.strings */ = {
			isa = PBXVariantGroup;
			children = (
				E56752E3143F97CD00106C6C /* en */,
			);
			name = InfoPlist.strings;
			sourceTree = "<group>";
		};
		E56752F4143F97CD00106C6C /* MainStoryboard_iPhone.storyboard */ = {
			isa = PBXVariantGroup;
			children = (
				E56752F5143F97CD00106C6C /* en */,
			);
			name = MainStoryboard_iPhone.storyboard;
			sourceTree = "<group>";
		};
		E56752F7143F97CD00106C6C /* MainStoryboard_iPad.storyboard */ = {
			isa = PBXVariantGroup;
			children = (
				E56752F8143F97CD00106C6C /* en */,
			);
			name = MainStoryboard_iPad.storyboard;
			sourceTree = "<group>";
		};
		E5675309143F97CE00106C6C /* InfoPlist.strings */ = {
			isa = PBXVariantGroup;
			children = (
				E567530A143F97CE00106C6C /* en */,
			);
			name = InfoPlist.strings;
			sourceTree = "<group>";
		};
/* End PBXVariantGroup section */

/* Begin XCBuildConfiguration section */
		E567530F143F97CE00106C6C /* Debug */ = {
			isa = XCBuildConfiguration;
			buildSettings = {
				ALWAYS_SEARCH_USER_PATHS = NO;
				ARCHS = "$(ARCHS_STANDARD_32_BIT)";
				"CODE_SIGN_IDENTITY[sdk=iphoneos*]" = "iPhone Developer";
				COPY_PHASE_STRIP = NO;
				GCC_C_LANGUAGE_STANDARD = gnu99;
				GCC_DYNAMIC_NO_PIC = NO;
				GCC_OPTIMIZATION_LEVEL = 0;
				GCC_PREPROCESSOR_DEFINITIONS = (
					"DEBUG=1",
					"$(inherited)",
				);
				GCC_SYMBOLS_PRIVATE_EXTERN = NO;
				GCC_VERSION = com.apple.compilers.llvm.clang.1_0;
				GCC_WARN_ABOUT_MISSING_PROTOTYPES = YES;
				GCC_WARN_ABOUT_RETURN_TYPE = YES;
				GCC_WARN_UNUSED_VARIABLE = YES;
				IPHONEOS_DEPLOYMENT_TARGET = 5.0;
				SDKROOT = iphoneos;
				TARGETED_DEVICE_FAMILY = "1,2";
			};
			name = Debug;
		};
		E5675310143F97CE00106C6C /* Release */ = {
			isa = XCBuildConfiguration;
			buildSettings = {
				ALWAYS_SEARCH_USER_PATHS = NO;
				ARCHS = "$(ARCHS_STANDARD_32_BIT)";
				"CODE_SIGN_IDENTITY[sdk=iphoneos*]" = "iPhone Developer";
				COPY_PHASE_STRIP = YES;
				GCC_C_LANGUAGE_STANDARD = gnu99;
				GCC_VERSION = com.apple.compilers.llvm.clang.1_0;
				GCC_WARN_ABOUT_MISSING_PROTOTYPES = YES;
				GCC_WARN_ABOUT_RETURN_TYPE = YES;
				GCC_WARN_UNUSED_VARIABLE = YES;
				IPHONEOS_DEPLOYMENT_TARGET = 5.0;
				OTHER_CFLAGS = "-DNS_BLOCK_ASSERTIONS=1";
				SDKROOT = iphoneos;
				TARGETED_DEVICE_FAMILY = "1,2";
				VALIDATE_PRODUCT = YES;
			};
			name = Release;
		};
		E5675312143F97CE00106C6C /* Debug */ = {
			isa = XCBuildConfiguration;
			buildSettings = {
				GCC_PRECOMPILE_PREFIX_HEADER = YES;
				GCC_PREFIX_HEADER = "TabSplit/TabSplit-Prefix.pch";
				INFOPLIST_FILE = "TabSplit/TabSplit-Info.plist";
				PRODUCT_NAME = "$(TARGET_NAME)";
				WRAPPER_EXTENSION = app;
			};
			name = Debug;
		};
		E5675313143F97CE00106C6C /* Release */ = {
			isa = XCBuildConfiguration;
			buildSettings = {
				GCC_PRECOMPILE_PREFIX_HEADER = YES;
				GCC_PREFIX_HEADER = "TabSplit/TabSplit-Prefix.pch";
				INFOPLIST_FILE = "TabSplit/TabSplit-Info.plist";
				PRODUCT_NAME = "$(TARGET_NAME)";
				WRAPPER_EXTENSION = app;
			};
			name = Release;
		};
		E5675315143F97CE00106C6C /* Debug */ = {
			isa = XCBuildConfiguration;
			buildSettings = {
				BUNDLE_LOADER = "$(BUILT_PRODUCTS_DIR)/TabSplit.app/TabSplit";
				FRAMEWORK_SEARCH_PATHS = (
					"$(SDKROOT)/Developer/Library/Frameworks",
					"$(DEVELOPER_LIBRARY_DIR)/Frameworks",
				);
				GCC_PRECOMPILE_PREFIX_HEADER = YES;
				GCC_PREFIX_HEADER = "TabSplit/TabSplit-Prefix.pch";
				INFOPLIST_FILE = "TabSplitTests/TabSplitTests-Info.plist";
				PRODUCT_NAME = "$(TARGET_NAME)";
				TEST_HOST = "$(BUNDLE_LOADER)";
				WRAPPER_EXTENSION = octest;
			};
			name = Debug;
		};
		E5675316143F97CE00106C6C /* Release */ = {
			isa = XCBuildConfiguration;
			buildSettings = {
				BUNDLE_LOADER = "$(BUILT_PRODUCTS_DIR)/TabSplit.app/TabSplit";
				FRAMEWORK_SEARCH_PATHS = (
					"$(SDKROOT)/Developer/Library/Frameworks",
					"$(DEVELOPER_LIBRARY_DIR)/Frameworks",
				);
				GCC_PRECOMPILE_PREFIX_HEADER = YES;
				GCC_PREFIX_HEADER = "TabSplit/TabSplit-Prefix.pch";
				INFOPLIST_FILE = "TabSplitTests/TabSplitTests-Info.plist";
				PRODUCT_NAME = "$(TARGET_NAME)";
				TEST_HOST = "$(BUNDLE_LOADER)";
				WRAPPER_EXTENSION = octest;
			};
			name = Release;
		};
/* End XCBuildConfiguration section */

/* Begin XCConfigurationList section */
		E56752CF143F97CC00106C6C /* Build configuration list for PBXProject "TabSplit" */ = {
			isa = XCConfigurationList;
			buildConfigurations = (
				E567530F143F97CE00106C6C /* Debug */,
				E5675310143F97CE00106C6C /* Release */,
			);
			defaultConfigurationIsVisible = 0;
			defaultConfigurationName = Release;
		};
		E5675311143F97CE00106C6C /* Build configuration list for PBXNativeTarget "TabSplit" */ = {
			isa = XCConfigurationList;
			buildConfigurations = (
				E5675312143F97CE00106C6C /* Debug */,
				E5675313143F97CE00106C6C /* Release */,
			);
			defaultConfigurationIsVisible = 0;
		};
		E5675314143F97CE00106C6C /* Build configuration list for PBXNativeTarget "TabSplitTests" */ = {
			isa = XCConfigurationList;
			buildConfigurations = (
				E5675315143F97CE00106C6C /* Debug */,
				E5675316143F97CE00106C6C /* Release */,
			);
			defaultConfigurationIsVisible = 0;
		};
/* End XCConfigurationList section */
	};
	rootObject = E56752CC143F97CC00106C6C /* Project object */;
}
